{
  "requires": true,
  "lockfileVersion": 1,
  "dependencies": {
    "ngx-bootstrap": {
      "version": "5.6.1",
      "resolved": "https://registry.npmjs.org/ngx-bootstrap/-/ngx-bootstrap-5.6.1.tgz",
      "integrity": "sha512-8fDs3VaaWgKpupakPKS0QaUc+1E/JMBGJDxUUODjyIkLtFr1A8vH4cjXiV3AfrPvhK27GH0oyTPyKWKcCjEtVg=="
    }
  }
}
